
Microsoft Visual Studio Solution File, Format Version 12.00
# Visual Studio Version 17
VisualStudioVersion = 17.10.35027.167
MinimumVisualStudioVersion = 10.0.40219.1
Project("{9A19103F-16F7-4668-BE54-9A1E7A4F7556}") = "codes.jpion", "codes.jpion\codes.jpion.csproj", "{F478CF47-E83B-4DD0-9949-9260A6DB61B4}"
EndProject
Global
	GlobalSection(SolutionConfigurationPlatforms) = preSolution
		Debug|Any CPU = Debug|Any CPU
		Release|Any CPU = Release|Any CPU
	EndGlobalSection
	GlobalSection(ProjectConfigurationPlatforms) = postSolution
		{F478CF47-E83B-4DD0-9949-9260A6DB61B4}.Debug|Any CPU.ActiveCfg = Debug|Any CPU
		{F478CF47-E83B-4DD0-9949-9260A6DB61B4}.Debug|Any CPU.Build.0 = Debug|Any CPU
		{F478CF47-E83B-4DD0-9949-9260A6DB61B4}.Release|Any CPU.ActiveCfg = Release|Any CPU
		{F478CF47-E83B-4DD0-9949-9260A6DB61B4}.Release|Any CPU.Build.0 = Release|Any CPU
	EndGlobalSection
	GlobalSection(SolutionProperties) = preSolution
		HideSolutionNode = FALSE
	EndGlobalSection
	GlobalSection(ExtensibilityGlobals) = postSolution
		SolutionGuid = {6471DCAB-7EAE-419F-A997-F3106A4DC704}
	EndGlobalSection
EndGlobal
